
Microsoft Visual Studio Solution File, Format Version 12.00
# Visual Studio Version 17
VisualStudioVersion = 17.10.35013.160
MinimumVisualStudioVersion = 10.0.40219.1
Project("{9A19103F-16F7-4668-BE54-9A1E7A4F7556}") = "SchoolApi.API", "SchoolApi.API\SchoolApi.API.csproj", "{C943C699-CA88-4EA4-A068-C045F6A21D62}"
EndProject
Project("{9A19103F-16F7-4668-BE54-9A1E7A4F7556}") = "SchoolApi.Business", "..\SchoolApi.Business\SchoolApi.Business\SchoolApi.Business.csproj", "{5C5CA731-0737-45CC-9C37-5E2E4017C3C7}"
EndProject
Project("{FAE04EC0-301F-11D3-BF4B-00C04F79EFBC}") = "SchoolApi.Test", "..\SchoolApi.Test\SchoolApi.Test.csproj", "{59ACA632-4E8A-4ED8-986E-96DDF2A47C44}"
EndProject
Global
	GlobalSection(SolutionConfigurationPlatforms) = preSolution
		Debug|Any CPU = Debug|Any CPU
		Release|Any CPU = Release|Any CPU
	EndGlobalSection
	GlobalSection(ProjectConfigurationPlatforms) = postSolution
		{C943C699-CA88-4EA4-A068-C045F6A21D62}.Debug|Any CPU.ActiveCfg = Debug|Any CPU
		{C943C699-CA88-4EA4-A068-C045F6A21D62}.Debug|Any CPU.Build.0 = Debug|Any CPU
		{C943C699-CA88-4EA4-A068-C045F6A21D62}.Release|Any CPU.ActiveCfg = Release|Any CPU
		{C943C699-CA88-4EA4-A068-C045F6A21D62}.Release|Any CPU.Build.0 = Release|Any CPU
		{5C5CA731-0737-45CC-9C37-5E2E4017C3C7}.Debug|Any CPU.ActiveCfg = Debug|Any CPU
		{5C5CA731-0737-45CC-9C37-5E2E4017C3C7}.Debug|Any CPU.Build.0 = Debug|Any CPU
		{5C5CA731-0737-45CC-9C37-5E2E4017C3C7}.Release|Any CPU.ActiveCfg = Release|Any CPU
		{5C5CA731-0737-45CC-9C37-5E2E4017C3C7}.Release|Any CPU.Build.0 = Release|Any CPU
		{59ACA632-4E8A-4ED8-986E-96DDF2A47C44}.Debug|Any CPU.ActiveCfg = Debug|Any CPU
		{59ACA632-4E8A-4ED8-986E-96DDF2A47C44}.Debug|Any CPU.Build.0 = Debug|Any CPU
		{59ACA632-4E8A-4ED8-986E-96DDF2A47C44}.Release|Any CPU.ActiveCfg = Release|Any CPU
		{59ACA632-4E8A-4ED8-986E-96DDF2A47C44}.Release|Any CPU.Build.0 = Release|Any CPU
	EndGlobalSection
	GlobalSection(SolutionProperties) = preSolution
		HideSolutionNode = FALSE
	EndGlobalSection
	GlobalSection(ExtensibilityGlobals) = postSolution
		SolutionGuid = {88037736-39C4-4417-BEC9-CD83843D3AC7}
	EndGlobalSection
EndGlobal
