
Microsoft Visual Studio Solution File, Format Version 12.00
# Visual Studio Version 17
VisualStudioVersion = 17.10.35013.160
MinimumVisualStudioVersion = 10.0.40219.1
Project("{FAE04EC0-301F-11D3-BF4B-00C04F79EFBC}") = "SchoolApi", "SchoolApi\SchoolApi.csproj", "{8A19EC47-D8E7-4B7E-9F5C-EB8EAFAC402C}"
EndProject
Project("{FAE04EC0-301F-11D3-BF4B-00C04F79EFBC}") = "SchoolApiTests", "SchoolApiTests\SchoolApiTests.csproj", "{4AACC2DA-F2A8-4298-A0E7-10748D5CA958}"
EndProject
Global
	GlobalSection(SolutionConfigurationPlatforms) = preSolution
		Debug|Any CPU = Debug|Any CPU
		Release|Any CPU = Release|Any CPU
	EndGlobalSection
	GlobalSection(ProjectConfigurationPlatforms) = postSolution
		{8A19EC47-D8E7-4B7E-9F5C-EB8EAFAC402C}.Debug|Any CPU.ActiveCfg = Debug|Any CPU
		{8A19EC47-D8E7-4B7E-9F5C-EB8EAFAC402C}.Debug|Any CPU.Build.0 = Debug|Any CPU
		{8A19EC47-D8E7-4B7E-9F5C-EB8EAFAC402C}.Release|Any CPU.ActiveCfg = Release|Any CPU
		{8A19EC47-D8E7-4B7E-9F5C-EB8EAFAC402C}.Release|Any CPU.Build.0 = Release|Any CPU
		{4AACC2DA-F2A8-4298-A0E7-10748D5CA958}.Debug|Any CPU.ActiveCfg = Debug|Any CPU
		{4AACC2DA-F2A8-4298-A0E7-10748D5CA958}.Debug|Any CPU.Build.0 = Debug|Any CPU
		{4AACC2DA-F2A8-4298-A0E7-10748D5CA958}.Release|Any CPU.ActiveCfg = Release|Any CPU
		{4AACC2DA-F2A8-4298-A0E7-10748D5CA958}.Release|Any CPU.Build.0 = Release|Any CPU
	EndGlobalSection
	GlobalSection(SolutionProperties) = preSolution
		HideSolutionNode = FALSE
	EndGlobalSection
	GlobalSection(ExtensibilityGlobals) = postSolution
		SolutionGuid = {5FA61F91-072C-4D7B-B46A-407F636572FC}
	EndGlobalSection
EndGlobal
