
Microsoft Visual Studio Solution File, Format Version 12.00
# Visual Studio Version 17
VisualStudioVersion = 17.10.35013.160
MinimumVisualStudioVersion = 10.0.40219.1
Project("{FAE04EC0-301F-11D3-BF4B-00C04F79EFBC}") = "SchoolApi.Business", "SchoolApi.Business\SchoolApi.Business.csproj", "{66B3A8C7-45DE-4EB6-921E-230493069490}"
EndProject
Global
	GlobalSection(SolutionConfigurationPlatforms) = preSolution
		Debug|Any CPU = Debug|Any CPU
		Release|Any CPU = Release|Any CPU
	EndGlobalSection
	GlobalSection(ProjectConfigurationPlatforms) = postSolution
		{66B3A8C7-45DE-4EB6-921E-230493069490}.Debug|Any CPU.ActiveCfg = Debug|Any CPU
		{66B3A8C7-45DE-4EB6-921E-230493069490}.Debug|Any CPU.Build.0 = Debug|Any CPU
		{66B3A8C7-45DE-4EB6-921E-230493069490}.Release|Any CPU.ActiveCfg = Release|Any CPU
		{66B3A8C7-45DE-4EB6-921E-230493069490}.Release|Any CPU.Build.0 = Release|Any CPU
	EndGlobalSection
	GlobalSection(SolutionProperties) = preSolution
		HideSolutionNode = FALSE
	EndGlobalSection
	GlobalSection(ExtensibilityGlobals) = postSolution
		SolutionGuid = {CE8308F6-7B7C-49CF-A23E-EFBB3BEC37B6}
	EndGlobalSection
EndGlobal
